
Microsoft Visual Studio Solution File, Format Version 12.00
# Visual Studio Version 16
VisualStudioVersion = 16.0.29609.76
MinimumVisualStudioVersion = 10.0.40219.1
Project("{8BC9CEB8-8B4A-11D0-8D11-00A0C91BC942}") = "ReviewPart2", "ReviewPart2\ReviewPart2.vcxproj", "{9D675AA8-5D63-42DC-91C7-6190BE0BC434}"
EndProject
Global
	GlobalSection(SolutionConfigurationPlatforms) = preSolution
		Debug|x64 = Debug|x64
		Debug|x86 = Debug|x86
		Release|x64 = Release|x64
		Release|x86 = Release|x86
	EndGlobalSection
	GlobalSection(ProjectConfigurationPlatforms) = postSolution
		{9D675AA8-5D63-42DC-91C7-6190BE0BC434}.Debug|x64.ActiveCfg = Debug|x64
		{9D675AA8-5D63-42DC-91C7-6190BE0BC434}.Debug|x64.Build.0 = Debug|x64
		{9D675AA8-5D63-42DC-91C7-6190BE0BC434}.Debug|x86.ActiveCfg = Debug|Win32
		{9D675AA8-5D63-42DC-91C7-6190BE0BC434}.Debug|x86.Build.0 = Debug|Win32
		{9D675AA8-5D63-42DC-91C7-6190BE0BC434}.Release|x64.ActiveCfg = Release|x64
		{9D675AA8-5D63-42DC-91C7-6190BE0BC434}.Release|x64.Build.0 = Release|x64
		{9D675AA8-5D63-42DC-91C7-6190BE0BC434}.Release|x86.ActiveCfg = Release|Win32
		{9D675AA8-5D63-42DC-91C7-6190BE0BC434}.Release|x86.Build.0 = Release|Win32
	EndGlobalSection
	GlobalSection(SolutionProperties) = preSolution
		HideSolutionNode = FALSE
	EndGlobalSection
	GlobalSection(ExtensibilityGlobals) = postSolution
		SolutionGuid = {72063562-B4FC-4B4C-915A-77AA885A7236}
	EndGlobalSection
EndGlobal
